{
  "nodes": {
    "copilot-chat": {
      "flake": false,
      "locked": {
        "lastModified": 1770893388,
        "narHash": "sha256-/QddE/TloRK+8cJF9KHkOSsyctCcyn+T85We958dS/I=",
        "owner": "CopilotC-Nvim",
        "repo": "CopilotChat.nvim",
        "rev": "743d6005fb412c85309d3f3aa45f18f3a2fb2098",
        "type": "github"
      },
      "original": {
        "owner": "CopilotC-Nvim",
        "repo": "CopilotChat.nvim",
        "type": "github"
      }
    },
    "juno": {
      "flake": false,
      "locked": {
        "lastModified": 1769175791,
        "narHash": "sha256-OF5CWwVYicyngnhmjGClecp7Co9qoqsT2JyW+BnhX2s=",
        "owner": "TotalyEnglizLitrate",
        "repo": "juno.nvim",
        "rev": "63c48f5f0f914e9af9d5de044f731709180c1e18",
        "type": "github"
      },
      "original": {
        "owner": "TotalyEnglizLitrate",
        "repo": "juno.nvim",
        "type": "github"
      }
    },
    "nixCats": {
      "locked": {
        "lastModified": 1770584904,
        "narHash": "sha256-9Zaz8lbKF2W9pwXZEnbiGsicHdBoU+dHt3Wv3mCJoZ8=",
        "owner": "BirdeeHub",
        "repo": "nixCats-nvim",
        "rev": "538fdde784d2909700d97a8ef307783b33a86fb1",
        "type": "github"
      },
      "original": {
        "owner": "BirdeeHub",
        "repo": "nixCats-nvim",
        "type": "github"
      }
    },
    "nixpkgs": {
      "locked": {
        "lastModified": 1770841267,
        "narHash": "sha256-9xejG0KoqsoKEGp2kVbXRlEYtFFcDTHjidiuX8hGO44=",
        "owner": "nixos",
        "repo": "nixpkgs",
        "rev": "ec7c70d12ce2fc37cb92aff673dcdca89d187bae",
        "type": "github"
      },
      "original": {
        "owner": "nixos",
        "ref": "nixos-unstable",
        "repo": "nixpkgs",
        "type": "github"
      }
    },
    "org-bullets": {
      "flake": false,
      "locked": {
        "lastModified": 1737617809,
        "narHash": "sha256-/l8IfvVSPK7pt3Or39+uenryTM5aBvyJZX5trKNh0X0=",
        "owner": "nvim-orgmode",
        "repo": "org-bullets.nvim",
        "rev": "21437cfa99c70f2c18977bffd423f912a7b832ea",
        "type": "github"
      },
      "original": {
        "owner": "nvim-orgmode",
        "repo": "org-bullets.nvim",
        "type": "github"
      }
    },
    "root": {
      "inputs": {
        "copilot-chat": "copilot-chat",
        "juno": "juno",
        "nixCats": "nixCats",
        "nixpkgs": "nixpkgs",
        "org-bullets": "org-bullets",
        "treesitter-textobjects": "treesitter-textobjects"
      }
    },
    "treesitter-textobjects": {
      "flake": false,
      "locked": {
        "lastModified": 1769600306,
        "narHash": "sha256-J3D+nbalJqZ4aeFBD7veW6TuI0BEU2jbx5pMEew4dkA=",
        "owner": "nvim-treesitter",
        "repo": "nvim-treesitter-textobjects",
        "rev": "a0e182ae21fda68c59d1f36c9ed45600aef50311",
        "type": "github"
      },
      "original": {
        "owner": "nvim-treesitter",
        "ref": "main",
        "repo": "nvim-treesitter-textobjects",
        "type": "github"
      }
    }
  },
  "root": "root",
  "version": 7
}
